PODS:
  - AssociatedValues (1.0.3)
  - OrderedObjectSet (1.0.0)

DEPENDENCIES:
  - AssociatedValues (~> 1.0.3)
  - OrderedObjectSet (~> 1.0.0)

SPEC CHECKSUMS:
  AssociatedValues: 749e05b3df45f80c0ad99c6b15df3a3d53906c9e
  OrderedObjectSet: ff5af08b75ab1afac96cb1b4d0e0a8994a4e5b48

PODFILE CHECKSUM: 1f43cfdc995f3d329341d677d92a0fa1330a5bd1

COCOAPODS: 1.0.0.beta.3
