// !$*UTF8*$!
{
	archiveVersion = 1;
	classes = {
	};
	objectVersion = 46;
	objects = {

/* Begin PBXBuildFile section */
		68B9A22E6BC89735F8B6E565 /* Pods_SwiftCollection.framework in Frameworks */ = {isa = PBXBuildFile; fileRef = FF4D6BDA4E1AE2A7AAEC3343 /* Pods_SwiftCollection.framework */; };
		A28A52781CBC3C3A006891A3 /* SwiftCollection.h in Headers */ = {isa = PBXBuildFile; fileRef = A28A52771CBC3C3A006891A3 /* SwiftCollection.h */; settings = {ATTRIBUTES = (Public, ); }; };
		A28A52951CBC3CB0006891A3 /* SwiftCollection.podspec in Resources */ = {isa = PBXBuildFile; fileRef = A28A52941CBC3CB0006891A3 /* SwiftCollection.podspec */; };
		A28A52981CBC3DD6006891A3 /* CollectionSource.swift in Sources */ = {isa = PBXBuildFile; fileRef = A28A52971CBC3DD6006891A3 /* CollectionSource.swift */; };
		A28A529B1CBC4026006891A3 /* SectionSource.swift in Sources */ = {isa = PBXBuildFile; fileRef = A28A529A1CBC4026006891A3 /* SectionSource.swift */; };
		A28A529E1CBC4488006891A3 /* UICollectionView+Collection.swift in Sources */ = {isa = PBXBuildFile; fileRef = A28A529D1CBC4488006891A3 /* UICollectionView+Collection.swift */; };
		A28A52A11CBC44C4006891A3 /* Bridge.swift in Sources */ = {isa = PBXBuildFile; fileRef = A28A52A01CBC44C4006891A3 /* Bridge.swift */; };
		A28A52A31CBC4583006891A3 /* Bridge+Delegate.swift in Sources */ = {isa = PBXBuildFile; fileRef = A28A52A21CBC4583006891A3 /* Bridge+Delegate.swift */; };
		A28A52A51CBC458E006891A3 /* Bridge+FlowLayout.swift in Sources */ = {isa = PBXBuildFile; fileRef = A28A52A41CBC458E006891A3 /* Bridge+FlowLayout.swift */; };
		A28A52A71CBC459C006891A3 /* Bridge+DataSource.swift in Sources */ = {isa = PBXBuildFile; fileRef = A28A52A61CBC459C006891A3 /* Bridge+DataSource.swift */; };
		A28A52AA1CBC45FD006891A3 /* _Section.swift in Sources */ = {isa = PBXBuildFile; fileRef = A28A52A91CBC45FD006891A3 /* _Section.swift */; };
		A28A52AC1CBC4608006891A3 /* _Collection.swift in Sources */ = {isa = PBXBuildFile; fileRef = A28A52AB1CBC4608006891A3 /* _Collection.swift */; };
		A28A52AF1CBC46C3006891A3 /* ParentInterface.swift in Sources */ = {isa = PBXBuildFile; fileRef = A28A52AE1CBC46C3006891A3 /* ParentInterface.swift */; };
		A28A52B11CBC49CB006891A3 /* Bridge+Interface.swift in Sources */ = {isa = PBXBuildFile; fileRef = A28A52B01CBC49CB006891A3 /* Bridge+Interface.swift */; };
		A28A52B31CBC4DA4006891A3 /* CollectionSource+Implementation.swift in Sources */ = {isa = PBXBuildFile; fileRef = A28A52B21CBC4DA4006891A3 /* CollectionSource+Implementation.swift */; };
		A28A52B51CBC5208006891A3 /* SectionSource+Implementation.swift in Sources */ = {isa = PBXBuildFile; fileRef = A28A52B41CBC5208006891A3 /* SectionSource+Implementation.swift */; };
		A28A52B71CBC5291006891A3 /* CollectionInterface.swift in Sources */ = {isa = PBXBuildFile; fileRef = A28A52B61CBC5291006891A3 /* CollectionInterface.swift */; };
		A28A52B91CBC6497006891A3 /* SectionSource+CollectionSource.swift in Sources */ = {isa = PBXBuildFile; fileRef = A28A52B81CBC6497006891A3 /* SectionSource+CollectionSource.swift */; };
		A28A52BB1CBC6633006891A3 /* SectionSource+CollectionInterface.swift in Sources */ = {isa = PBXBuildFile; fileRef = A28A52BA1CBC6633006891A3 /* SectionSource+CollectionInterface.swift */; };
		A28A52BD1CBD3DA1006891A3 /* NSIndexPath+Extensions.swift in Sources */ = {isa = PBXBuildFile; fileRef = A28A52BC1CBD3DA1006891A3 /* NSIndexPath+Extensions.swift */; };
		A2D60E5D1CE632B300EDB2A6 /* MultiCollection.swift in Sources */ = {isa = PBXBuildFile; fileRef = A2D60E5C1CE632B300EDB2A6 /* MultiCollection.swift */; };
		A2D60E5F1CE635A200EDB2A6 /* MultiCollection+Implementation.swift in Sources */ = {isa = PBXBuildFile; fileRef = A2D60E5E1CE635A200EDB2A6 /* MultiCollection+Implementation.swift */; };
		A2D60E611CE6842100EDB2A6 /* MultiCollection+Interface.swift in Sources */ = {isa = PBXBuildFile; fileRef = A2D60E601CE6842100EDB2A6 /* MultiCollection+Interface.swift */; };
		A2D60E651CE6936600EDB2A6 /* SectionInterface.swift in Sources */ = {isa = PBXBuildFile; fileRef = A2D60E641CE6936600EDB2A6 /* SectionInterface.swift */; };
		A2D60E681CE693D400EDB2A6 /* ItemSource.swift in Sources */ = {isa = PBXBuildFile; fileRef = A2D60E671CE693D400EDB2A6 /* ItemSource.swift */; };
		A2D60E6A1CE694AE00EDB2A6 /* _Item.swift in Sources */ = {isa = PBXBuildFile; fileRef = A2D60E691CE694AE00EDB2A6 /* _Item.swift */; };
		A2D60E6C1CE694E900EDB2A6 /* ItemSource+Implementation.swift in Sources */ = {isa = PBXBuildFile; fileRef = A2D60E6B1CE694E900EDB2A6 /* ItemSource+Implementation.swift */; };
		A2D60E6F1CE69BE000EDB2A6 /* ItemSection.swift in Sources */ = {isa = PBXBuildFile; fileRef = A2D60E6E1CE69BE000EDB2A6 /* ItemSection.swift */; };
		A2D60E711CE69CA500EDB2A6 /* ItemSection+Implementation.swift in Sources */ = {isa = PBXBuildFile; fileRef = A2D60E701CE69CA500EDB2A6 /* ItemSection+Implementation.swift */; };
		A2D60E731CE69EAE00EDB2A6 /* ItemSection+Interface.swift in Sources */ = {isa = PBXBuildFile; fileRef = A2D60E721CE69EAE00EDB2A6 /* ItemSection+Interface.swift */; };
		A2D60E761CE6CEEC00EDB2A6 /* ItemSource+SectionSource.swift in Sources */ = {isa = PBXBuildFile; fileRef = A2D60E751CE6CEEC00EDB2A6 /* ItemSource+SectionSource.swift */; };
		A2D60E781CE6CFE800EDB2A6 /* ItemSource+SectionInterface.swift in Sources */ = {isa = PBXBuildFile; fileRef = A2D60E771CE6CFE800EDB2A6 /* ItemSource+SectionInterface.swift */; };
		A2D60E7B1CE6D1D900EDB2A6 /* SectionCollection.swift in Sources */ = {isa = PBXBuildFile; fileRef = A2D60E7A1CE6D1D900EDB2A6 /* SectionCollection.swift */; };
		A2D60E7D1CE6D28F00EDB2A6 /* SectionCollection+Implementation.swift in Sources */ = {isa = PBXBuildFile; fileRef = A2D60E7C1CE6D28F00EDB2A6 /* SectionCollection+Implementation.swift */; };
		A2D60E7F1CE6D4C700EDB2A6 /* SectionCollection+Interface.swift in Sources */ = {isa = PBXBuildFile; fileRef = A2D60E7E1CE6D4C700EDB2A6 /* SectionCollection+Interface.swift */; };
/* End PBXBuildFile section */

/* Begin PBXFileReference section */
		7EBE429B98119DA5BBBD5FE8 /* Pods-SwiftCollection.debug.xcconfig */ = {isa = PBXFileReference; includeInIndex = 1; lastKnownFileType = text.xcconfig; name = "Pods-SwiftCollection.debug.xcconfig"; path = "Pods/Target Support Files/Pods-SwiftCollection/Pods-SwiftCollection.debug.xcconfig"; sourceTree = "<group>"; };
		A28A52741CBC3C3A006891A3 /* SwiftCollection.framework */ = {isa = PBXFileReference; explicitFileType = wrapper.framework; includeInIndex = 0; path = SwiftCollection.framework; sourceTree = BUILT_PRODUCTS_DIR; };
		A28A52771CBC3C3A006891A3 /* SwiftCollection.h */ = {isa = PBXFileReference; lastKnownFileType = sourcecode.c.h; path = SwiftCollection.h; sourceTree = "<group>"; };
		A28A52791CBC3C3A006891A3 /* Info.plist */ = {isa = PBXFileReference; lastKnownFileType = text.plist.xml; path = Info.plist; sourceTree = "<group>"; };
		A28A52941CBC3CB0006891A3 /* SwiftCollection.podspec */ = {isa = PBXFileReference; fileEncoding = 4; lastKnownFileType = text; path = SwiftCollection.podspec; sourceTree = "<group>"; };
		A28A52971CBC3DD6006891A3 /* CollectionSource.swift */ = {isa = PBXFileReference; fileEncoding = 4; lastKnownFileType = sourcecode.swift; path = CollectionSource.swift; sourceTree = "<group>"; };
		A28A529A1CBC4026006891A3 /* SectionSource.swift */ = {isa = PBXFileReference; fileEncoding = 4; lastKnownFileType = sourcecode.swift; path = SectionSource.swift; sourceTree = "<group>"; };
		A28A529D1CBC4488006891A3 /* UICollectionView+Collection.swift */ = {isa = PBXFileReference; fileEncoding = 4; lastKnownFileType = sourcecode.swift; path = "UICollectionView+Collection.swift"; sourceTree = "<group>"; };
		A28A52A01CBC44C4006891A3 /* Bridge.swift */ = {isa = PBXFileReference; fileEncoding = 4; lastKnownFileType = sourcecode.swift; path = Bridge.swift; sourceTree = "<group>"; };
		A28A52A21CBC4583006891A3 /* Bridge+Delegate.swift */ = {isa = PBXFileReference; fileEncoding = 4; lastKnownFileType = sourcecode.swift; path = "Bridge+Delegate.swift"; sourceTree = "<group>"; };
		A28A52A41CBC458E006891A3 /* Bridge+FlowLayout.swift */ = {isa = PBXFileReference; fileEncoding = 4; lastKnownFileType = sourcecode.swift; path = "Bridge+FlowLayout.swift"; sourceTree = "<group>"; };
		A28A52A61CBC459C006891A3 /* Bridge+DataSource.swift */ = {isa = PBXFileReference; fileEncoding = 4; lastKnownFileType = sourcecode.swift; path = "Bridge+DataSource.swift"; sourceTree = "<group>"; };
		A28A52A91CBC45FD006891A3 /* _Section.swift */ = {isa = PBXFileReference; fileEncoding = 4; lastKnownFileType = sourcecode.swift; path = _Section.swift; sourceTree = "<group>"; };
		A28A52AB1CBC4608006891A3 /* _Collection.swift */ = {isa = PBXFileReference; fileEncoding = 4; lastKnownFileType = sourcecode.swift; path = _Collection.swift; sourceTree = "<group>"; };
		A28A52AE1CBC46C3006891A3 /* ParentInterface.swift */ = {isa = PBXFileReference; fileEncoding = 4; lastKnownFileType = sourcecode.swift; path = ParentInterface.swift; sourceTree = "<group>"; };
		A28A52B01CBC49CB006891A3 /* Bridge+Interface.swift */ = {isa = PBXFileReference; fileEncoding = 4; lastKnownFileType = sourcecode.swift; path = "Bridge+Interface.swift"; sourceTree = "<group>"; };
		A28A52B21CBC4DA4006891A3 /* CollectionSource+Implementation.swift */ = {isa = PBXFileReference; fileEncoding = 4; lastKnownFileType = sourcecode.swift; path = "CollectionSource+Implementation.swift"; sourceTree = "<group>"; };
		A28A52B41CBC5208006891A3 /* SectionSource+Implementation.swift */ = {isa = PBXFileReference; fileEncoding = 4; lastKnownFileType = sourcecode.swift; path = "SectionSource+Implementation.swift"; sourceTree = "<group>"; };
		A28A52B61CBC5291006891A3 /* CollectionInterface.swift */ = {isa = PBXFileReference; fileEncoding = 4; lastKnownFileType = sourcecode.swift; path = CollectionInterface.swift; sourceTree = "<group>"; };
		A28A52B81CBC6497006891A3 /* SectionSource+CollectionSource.swift */ = {isa = PBXFileReference; fileEncoding = 4; lastKnownFileType = sourcecode.swift; path = "SectionSource+CollectionSource.swift"; sourceTree = "<group>"; };
		A28A52BA1CBC6633006891A3 /* SectionSource+CollectionInterface.swift */ = {isa = PBXFileReference; fileEncoding = 4; lastKnownFileType = sourcecode.swift; path = "SectionSource+CollectionInterface.swift"; sourceTree = "<group>"; };
		A28A52BC1CBD3DA1006891A3 /* NSIndexPath+Extensions.swift */ = {isa = PBXFileReference; fileEncoding = 4; lastKnownFileType = sourcecode.swift; path = "NSIndexPath+Extensions.swift"; sourceTree = "<group>"; };
		A2D60E5C1CE632B300EDB2A6 /* MultiCollection.swift */ = {isa = PBXFileReference; fileEncoding = 4; lastKnownFileType = sourcecode.swift; path = MultiCollection.swift; sourceTree = "<group>"; };
		A2D60E5E1CE635A200EDB2A6 /* MultiCollection+Implementation.swift */ = {isa = PBXFileReference; fileEncoding = 4; lastKnownFileType = sourcecode.swift; path = "MultiCollection+Implementation.swift"; sourceTree = "<group>"; };
		A2D60E601CE6842100EDB2A6 /* MultiCollection+Interface.swift */ = {isa = PBXFileReference; fileEncoding = 4; lastKnownFileType = sourcecode.swift; path = "MultiCollection+Interface.swift"; sourceTree = "<group>"; };
		A2D60E641CE6936600EDB2A6 /* SectionInterface.swift */ = {isa = PBXFileReference; fileEncoding = 4; lastKnownFileType = sourcecode.swift; path = SectionInterface.swift; sourceTree = "<group>"; };
		A2D60E671CE693D400EDB2A6 /* ItemSource.swift */ = {isa = PBXFileReference; fileEncoding = 4; lastKnownFileType = sourcecode.swift; path = ItemSource.swift; sourceTree = "<group>"; };
		A2D60E691CE694AE00EDB2A6 /* _Item.swift */ = {isa = PBXFileReference; fileEncoding = 4; lastKnownFileType = sourcecode.swift; path = _Item.swift; sourceTree = "<group>"; };
		A2D60E6B1CE694E900EDB2A6 /* ItemSource+Implementation.swift */ = {isa = PBXFileReference; fileEncoding = 4; lastKnownFileType = sourcecode.swift; path = "ItemSource+Implementation.swift"; sourceTree = "<group>"; };
		A2D60E6E1CE69BE000EDB2A6 /* ItemSection.swift */ = {isa = PBXFileReference; fileEncoding = 4; lastKnownFileType = sourcecode.swift; path = ItemSection.swift; sourceTree = "<group>"; };
		A2D60E701CE69CA500EDB2A6 /* ItemSection+Implementation.swift */ = {isa = PBXFileReference; fileEncoding = 4; lastKnownFileType = sourcecode.swift; path = "ItemSection+Implementation.swift"; sourceTree = "<group>"; };
		A2D60E721CE69EAE00EDB2A6 /* ItemSection+Interface.swift */ = {isa = PBXFileReference; fileEncoding = 4; lastKnownFileType = sourcecode.swift; path = "ItemSection+Interface.swift"; sourceTree = "<group>"; };
		A2D60E751CE6CEEC00EDB2A6 /* ItemSource+SectionSource.swift */ = {isa = PBXFileReference; fileEncoding = 4; lastKnownFileType = sourcecode.swift; path = "ItemSource+SectionSource.swift"; sourceTree = "<group>"; };
		A2D60E771CE6CFE800EDB2A6 /* ItemSource+SectionInterface.swift */ = {isa = PBXFileReference; fileEncoding = 4; lastKnownFileType = sourcecode.swift; path = "ItemSource+SectionInterface.swift"; sourceTree = "<group>"; };
		A2D60E7A1CE6D1D900EDB2A6 /* SectionCollection.swift */ = {isa = PBXFileReference; fileEncoding = 4; lastKnownFileType = sourcecode.swift; path = SectionCollection.swift; sourceTree = "<group>"; };
		A2D60E7C1CE6D28F00EDB2A6 /* SectionCollection+Implementation.swift */ = {isa = PBXFileReference; fileEncoding = 4; lastKnownFileType = sourcecode.swift; path = "SectionCollection+Implementation.swift"; sourceTree = "<group>"; };
		A2D60E7E1CE6D4C700EDB2A6 /* SectionCollection+Interface.swift */ = {isa = PBXFileReference; fileEncoding = 4; lastKnownFileType = sourcecode.swift; path = "SectionCollection+Interface.swift"; sourceTree = "<group>"; };
		D8F96EEB8DC1A420508585F0 /* Pods-SwiftCollection.release.xcconfig */ = {isa = PBXFileReference; includeInIndex = 1; lastKnownFileType = text.xcconfig; name = "Pods-SwiftCollection.release.xcconfig"; path = "Pods/Target Support Files/Pods-SwiftCollection/Pods-SwiftCollection.release.xcconfig"; sourceTree = "<group>"; };
		EFE81BF38137BF097E41406F /* libPods-SwiftCollectionTests.a */ = {isa = PBXFileReference; explicitFileType = archive.ar; includeInIndex = 0; path = "libPods-SwiftCollectionTests.a"; sourceTree = BUILT_PRODUCTS_DIR; };
		FF4D6BDA4E1AE2A7AAEC3343 /* Pods_SwiftCollection.framework */ = {isa = PBXFileReference; explicitFileType = wrapper.framework; includeInIndex = 0; path = Pods_SwiftCollection.framework; sourceTree = BUILT_PRODUCTS_DIR; };
/* End PBXFileReference section */

/* Begin PBXFrameworksBuildPhase section */
		A28A52701CBC3C3A006891A3 /* Frameworks */ = {
			isa = PBXFrameworksBuildPhase;
			buildActionMask = 2147483647;
			files = (
				68B9A22E6BC89735F8B6E565 /* Pods_SwiftCollection.framework in Frameworks */,
			);
			runOnlyForDeploymentPostprocessing = 0;
		};
/* End PBXFrameworksBuildPhase section */

/* Begin PBXGroup section */
		675D90A7D472F5DA5E9F46CC /* Pods */ = {
			isa = PBXGroup;
			children = (
				7EBE429B98119DA5BBBD5FE8 /* Pods-SwiftCollection.debug.xcconfig */,
				D8F96EEB8DC1A420508585F0 /* Pods-SwiftCollection.release.xcconfig */,
			);
			name = Pods;
			sourceTree = "<group>";
		};
		A28A526A1CBC3C3A006891A3 = {
			isa = PBXGroup;
			children = (
				E7E2725B24D48F2660A1488A /* Frameworks */,
				675D90A7D472F5DA5E9F46CC /* Pods */,
				A28A52751CBC3C3A006891A3 /* Products */,
				A28A52761CBC3C3A006891A3 /* SwiftCollection */,
				A28A52941CBC3CB0006891A3 /* SwiftCollection.podspec */,
			);
			sourceTree = "<group>";
		};
		A28A52751CBC3C3A006891A3 /* Products */ = {
			isa = PBXGroup;
			children = (
				A28A52741CBC3C3A006891A3 /* SwiftCollection.framework */,
			);
			name = Products;
			sourceTree = "<group>";
		};
		A28A52761CBC3C3A006891A3 /* SwiftCollection */ = {
			isa = PBXGroup;
			children = (
				A28A52A81CBC45E3006891A3 /* Base */,
				A28A529F1CBC44B9006891A3 /* Bridge */,
				A28A52961CBC3DBE006891A3 /* Collection */,
				A2D60E661CE693C300EDB2A6 /* Item */,
				A2D60E801CE6DC7C00EDB2A6 /* NSIndexPath */,
				A28A52AD1CBC46B4006891A3 /* Parent */,
				A28A52991CBC401B006891A3 /* Section */,
				A28A529C1CBC446B006891A3 /* UICollectionView */,
				A28A52791CBC3C3A006891A3 /* Info.plist */,
				A28A52771CBC3C3A006891A3 /* SwiftCollection.h */,
			);
			path = SwiftCollection;
			sourceTree = "<group>";
		};
		A28A52961CBC3DBE006891A3 /* Collection */ = {
			isa = PBXGroup;
			children = (
				A2D783491CE60DE8007C76C7 /* CollectionInterface */,
				A2D7834A1CE60DF6007C76C7 /* CollectionSource */,
				A2D783481CE60DDD007C76C7 /* MultiCollection */,
				A2D60E791CE6D1B700EDB2A6 /* SectionCollection */,
			);
			path = Collection;
			sourceTree = "<group>";
		};
		A28A52991CBC401B006891A3 /* Section */ = {
			isa = PBXGroup;
			children = (
				A2D60E6D1CE69BD000EDB2A6 /* ItemSection */,
				A2D60E631CE6935400EDB2A6 /* SectionInterface */,
				A2D60E621CE6934B00EDB2A6 /* SectionSource */,
			);
			path = Section;
			sourceTree = "<group>";
		};
		A28A529C1CBC446B006891A3 /* UICollectionView */ = {
			isa = PBXGroup;
			children = (
				A28A529D1CBC4488006891A3 /* UICollectionView+Collection.swift */,
			);
			path = UICollectionView;
			sourceTree = "<group>";
		};
		A28A529F1CBC44B9006891A3 /* Bridge */ = {
			isa = PBXGroup;
			children = (
				A28A52A61CBC459C006891A3 /* Bridge+DataSource.swift */,
				A28A52A21CBC4583006891A3 /* Bridge+Delegate.swift */,
				A28A52A41CBC458E006891A3 /* Bridge+FlowLayout.swift */,
				A28A52B01CBC49CB006891A3 /* Bridge+Interface.swift */,
				A28A52A01CBC44C4006891A3 /* Bridge.swift */,
			);
			path = Bridge;
			sourceTree = "<group>";
		};
		A28A52A81CBC45E3006891A3 /* Base */ = {
			isa = PBXGroup;
			children = (
				A28A52AB1CBC4608006891A3 /* _Collection.swift */,
				A2D60E691CE694AE00EDB2A6 /* _Item.swift */,
				A28A52A91CBC45FD006891A3 /* _Section.swift */,
			);
			path = Base;
			sourceTree = "<group>";
		};
		A28A52AD1CBC46B4006891A3 /* Parent */ = {
			isa = PBXGroup;
			children = (
				A28A52AE1CBC46C3006891A3 /* ParentInterface.swift */,
			);
			path = Parent;
			sourceTree = "<group>";
		};
		A2D60E621CE6934B00EDB2A6 /* SectionSource */ = {
			isa = PBXGroup;
			children = (
				A28A52BA1CBC6633006891A3 /* SectionSource+CollectionInterface.swift */,
				A28A52B81CBC6497006891A3 /* SectionSource+CollectionSource.swift */,
				A28A52B41CBC5208006891A3 /* SectionSource+Implementation.swift */,
				A28A529A1CBC4026006891A3 /* SectionSource.swift */,
			);
			path = SectionSource;
			sourceTree = "<group>";
		};
		A2D60E631CE6935400EDB2A6 /* SectionInterface */ = {
			isa = PBXGroup;
			children = (
				A2D60E641CE6936600EDB2A6 /* SectionInterface.swift */,
			);
			path = SectionInterface;
			sourceTree = "<group>";
		};
		A2D60E661CE693C300EDB2A6 /* Item */ = {
			isa = PBXGroup;
			children = (
				A2D60E741CE6A23D00EDB2A6 /* ItemSource */,
			);
			path = Item;
			sourceTree = "<group>";
		};
		A2D60E6D1CE69BD000EDB2A6 /* ItemSection */ = {
			isa = PBXGroup;
			children = (
				A2D60E701CE69CA500EDB2A6 /* ItemSection+Implementation.swift */,
				A2D60E721CE69EAE00EDB2A6 /* ItemSection+Interface.swift */,
				A2D60E6E1CE69BE000EDB2A6 /* ItemSection.swift */,
			);
			path = ItemSection;
			sourceTree = "<group>";
		};
		A2D60E741CE6A23D00EDB2A6 /* ItemSource */ = {
			isa = PBXGroup;
			children = (
				A2D60E6B1CE694E900EDB2A6 /* ItemSource+Implementation.swift */,
				A2D60E771CE6CFE800EDB2A6 /* ItemSource+SectionInterface.swift */,
				A2D60E751CE6CEEC00EDB2A6 /* ItemSource+SectionSource.swift */,
				A2D60E671CE693D400EDB2A6 /* ItemSource.swift */,
			);
			path = ItemSource;
			sourceTree = "<group>";
		};
		A2D60E791CE6D1B700EDB2A6 /* SectionCollection */ = {
			isa = PBXGroup;
			children = (
				A2D60E7C1CE6D28F00EDB2A6 /* SectionCollection+Implementation.swift */,
				A2D60E7E1CE6D4C700EDB2A6 /* SectionCollection+Interface.swift */,
				A2D60E7A1CE6D1D900EDB2A6 /* SectionCollection.swift */,
			);
			path = SectionCollection;
			sourceTree = "<group>";
		};
		A2D60E801CE6DC7C00EDB2A6 /* NSIndexPath */ = {
			isa = PBXGroup;
			children = (
				A28A52BC1CBD3DA1006891A3 /* NSIndexPath+Extensions.swift */,
			);
			path = NSIndexPath;
			sourceTree = "<group>";
		};
		A2D783481CE60DDD007C76C7 /* MultiCollection */ = {
			isa = PBXGroup;
			children = (
				A2D60E5E1CE635A200EDB2A6 /* MultiCollection+Implementation.swift */,
				A2D60E601CE6842100EDB2A6 /* MultiCollection+Interface.swift */,
				A2D60E5C1CE632B300EDB2A6 /* MultiCollection.swift */,
			);
			path = MultiCollection;
			sourceTree = "<group>";
		};
		A2D783491CE60DE8007C76C7 /* CollectionInterface */ = {
			isa = PBXGroup;
			children = (
				A28A52B61CBC5291006891A3 /* CollectionInterface.swift */,
			);
			path = CollectionInterface;
			sourceTree = "<group>";
		};
		A2D7834A1CE60DF6007C76C7 /* CollectionSource */ = {
			isa = PBXGroup;
			children = (
				A28A52B21CBC4DA4006891A3 /* CollectionSource+Implementation.swift */,
				A28A52971CBC3DD6006891A3 /* CollectionSource.swift */,
			);
			path = CollectionSource;
			sourceTree = "<group>";
		};
		E7E2725B24D48F2660A1488A /* Frameworks */ = {
			isa = PBXGroup;
			children = (
				EFE81BF38137BF097E41406F /* libPods-SwiftCollectionTests.a */,
				FF4D6BDA4E1AE2A7AAEC3343 /* Pods_SwiftCollection.framework */,
			);
			name = Frameworks;
			sourceTree = "<group>";
		};
/* End PBXGroup section */

/* Begin PBXHeadersBuildPhase section */
		A28A52711CBC3C3A006891A3 /* Headers */ = {
			isa = PBXHeadersBuildPhase;
			buildActionMask = 2147483647;
			files = (
				A28A52781CBC3C3A006891A3 /* SwiftCollection.h in Headers */,
			);
			runOnlyForDeploymentPostprocessing = 0;
		};
/* End PBXHeadersBuildPhase section */

/* Begin PBXNativeTarget section */
		A28A52731CBC3C3A006891A3 /* SwiftCollection */ = {
			isa = PBXNativeTarget;
			buildConfigurationList = A28A52881CBC3C3A006891A3 /* Build configuration list for PBXNativeTarget "SwiftCollection" */;
			buildPhases = (
				E6B19E7B45162F218A1E324A /* [CP] Check Pods Manifest.lock */,
				A28A526F1CBC3C3A006891A3 /* Sources */,
				A28A52701CBC3C3A006891A3 /* Frameworks */,
				A28A52711CBC3C3A006891A3 /* Headers */,
				A28A52721CBC3C3A006891A3 /* Resources */,
			);
			buildRules = (
			);
			dependencies = (
			);
			name = SwiftCollection;
			productName = SwiftCollection;
			productReference = A28A52741CBC3C3A006891A3 /* SwiftCollection.framework */;
			productType = "com.apple.product-type.framework";
		};
/* End PBXNativeTarget section */

/* Begin PBXProject section */
		A28A526B1CBC3C3A006891A3 /* Project object */ = {
			isa = PBXProject;
			attributes = {
				LastSwiftUpdateCheck = 0730;
				LastUpgradeCheck = 1010;
				ORGANIZATIONNAME = "Brad Hilton";
				TargetAttributes = {
					A28A52731CBC3C3A006891A3 = {
						CreatedOnToolsVersion = 7.3;
						LastSwiftMigration = 0810;
					};
				};
			};
			buildConfigurationList = A28A526E1CBC3C3A006891A3 /* Build configuration list for PBXProject "SwiftCollection" */;
			compatibilityVersion = "Xcode 3.2";
			developmentRegion = English;
			hasScannedForEncodings = 0;
			knownRegions = (
				en,
			);
			mainGroup = A28A526A1CBC3C3A006891A3;
			productRefGroup = A28A52751CBC3C3A006891A3 /* Products */;
			projectDirPath = "";
			projectRoot = "";
			targets = (
				A28A52731CBC3C3A006891A3 /* SwiftCollection */,
			);
		};
/* End PBXProject section */

/* Begin PBXResourcesBuildPhase section */
		A28A52721CBC3C3A006891A3 /* Resources */ = {
			isa = PBXResourcesBuildPhase;
			buildActionMask = 2147483647;
			files = (
				A28A52951CBC3CB0006891A3 /* SwiftCollection.podspec in Resources */,
			);
			runOnlyForDeploymentPostprocessing = 0;
		};
/* End PBXResourcesBuildPhase section */

/* Begin PBXShellScriptBuildPhase section */
		E6B19E7B45162F218A1E324A /* [CP] Check Pods Manifest.lock */ = {
			isa = PBXShellScriptBuildPhase;
			buildActionMask = 2147483647;
			files = (
			);
			inputPaths = (
				"${PODS_PODFILE_DIR_PATH}/Podfile.lock",
				"${PODS_ROOT}/Manifest.lock",
			);
			name = "[CP] Check Pods Manifest.lock";
			outputPaths = (
				"$(DERIVED_FILE_DIR)/Pods-SwiftCollection-checkManifestLockResult.txt",
			);
			runOnlyForDeploymentPostprocessing = 0;
			shellPath = /bin/sh;
			shellScript = "diff \"${PODS_PODFILE_DIR_PATH}/Podfile.lock\" \"${PODS_ROOT}/Manifest.lock\" > /dev/null\nif [ $? != 0 ] ; then\n    # print error to STDERR\n    echo \"error: The sandbox is not in sync with the Podfile.lock. Run 'pod install' or update your CocoaPods installation.\" >&2\n    exit 1\nfi\n# This output is used by Xcode 'outputs' to avoid re-running this script phase.\necho \"SUCCESS\" > \"${SCRIPT_OUTPUT_FILE_0}\"\n";
			showEnvVarsInLog = 0;
		};
/* End PBXShellScriptBuildPhase section */

/* Begin PBXSourcesBuildPhase section */
		A28A526F1CBC3C3A006891A3 /* Sources */ = {
			isa = PBXSourcesBuildPhase;
			buildActionMask = 2147483647;
			files = (
				A28A52BB1CBC6633006891A3 /* SectionSource+CollectionInterface.swift in Sources */,
				A2D60E5F1CE635A200EDB2A6 /* MultiCollection+Implementation.swift in Sources */,
				A28A52A31CBC4583006891A3 /* Bridge+Delegate.swift in Sources */,
				A28A52A11CBC44C4006891A3 /* Bridge.swift in Sources */,
				A28A52A51CBC458E006891A3 /* Bridge+FlowLayout.swift in Sources */,
				A2D60E7B1CE6D1D900EDB2A6 /* SectionCollection.swift in Sources */,
				A2D60E6A1CE694AE00EDB2A6 /* _Item.swift in Sources */,
				A2D60E761CE6CEEC00EDB2A6 /* ItemSource+SectionSource.swift in Sources */,
				A2D60E731CE69EAE00EDB2A6 /* ItemSection+Interface.swift in Sources */,
				A2D60E6F1CE69BE000EDB2A6 /* ItemSection.swift in Sources */,
				A28A52B71CBC5291006891A3 /* CollectionInterface.swift in Sources */,
				A2D60E7F1CE6D4C700EDB2A6 /* SectionCollection+Interface.swift in Sources */,
				A28A52B31CBC4DA4006891A3 /* CollectionSource+Implementation.swift in Sources */,
				A28A529B1CBC4026006891A3 /* SectionSource.swift in Sources */,
				A28A52B51CBC5208006891A3 /* SectionSource+Implementation.swift in Sources */,
				A28A52B11CBC49CB006891A3 /* Bridge+Interface.swift in Sources */,
				A2D60E781CE6CFE800EDB2A6 /* ItemSource+SectionInterface.swift in Sources */,
				A2D60E6C1CE694E900EDB2A6 /* ItemSource+Implementation.swift in Sources */,
				A28A52BD1CBD3DA1006891A3 /* NSIndexPath+Extensions.swift in Sources */,
				A28A52A71CBC459C006891A3 /* Bridge+DataSource.swift in Sources */,
				A28A52AF1CBC46C3006891A3 /* ParentInterface.swift in Sources */,
				A2D60E611CE6842100EDB2A6 /* MultiCollection+Interface.swift in Sources */,
				A28A52AA1CBC45FD006891A3 /* _Section.swift in Sources */,
				A2D60E5D1CE632B300EDB2A6 /* MultiCollection.swift in Sources */,
				A28A52981CBC3DD6006891A3 /* CollectionSource.swift in Sources */,
				A2D60E651CE6936600EDB2A6 /* SectionInterface.swift in Sources */,
				A28A52AC1CBC4608006891A3 /* _Collection.swift in Sources */,
				A28A529E1CBC4488006891A3 /* UICollectionView+Collection.swift in Sources */,
				A2D60E7D1CE6D28F00EDB2A6 /* SectionCollection+Implementation.swift in Sources */,
				A28A52B91CBC6497006891A3 /* SectionSource+CollectionSource.swift in Sources */,
				A2D60E711CE69CA500EDB2A6 /* ItemSection+Implementation.swift in Sources */,
				A2D60E681CE693D400EDB2A6 /* ItemSource.swift in Sources */,
			);
			runOnlyForDeploymentPostprocessing = 0;
		};
/* End PBXSourcesBuildPhase section */

/* Begin XCBuildConfiguration section */
		A28A52861CBC3C3A006891A3 /* Debug */ = {
			isa = XCBuildConfiguration;
			buildSettings = {
				ALWAYS_SEARCH_USER_PATHS = NO;
				CLANG_ANALYZER_NONNULL = YES;
				CLANG_CXX_LANGUAGE_STANDARD = "gnu++0x";
				CLANG_CXX_LIBRARY = "libc++";
				CLANG_ENABLE_MODULES = YES;
				CLANG_ENABLE_OBJC_ARC = YES;
				CLANG_WARN_BLOCK_CAPTURE_AUTORELEASING = YES;
				CLANG_WARN_BOOL_CONVERSION = YES;
				CLANG_WARN_COMMA = YES;
				CLANG_WARN_CONSTANT_CONVERSION = YES;
				CLANG_WARN_DEPRECATED_OBJC_IMPLEMENTATIONS = YES;
				CLANG_WARN_DIRECT_OBJC_ISA_USAGE = YES_ERROR;
				CLANG_WARN_EMPTY_BODY = YES;
				CLANG_WARN_ENUM_CONVERSION = YES;
				CLANG_WARN_INFINITE_RECURSION = YES;
				CLANG_WARN_INT_CONVERSION = YES;
				CLANG_WARN_NON_LITERAL_NULL_CONVERSION = YES;
				CLANG_WARN_OBJC_IMPLICIT_RETAIN_SELF = YES;
				CLANG_WARN_OBJC_LITERAL_CONVERSION = YES;
				CLANG_WARN_OBJC_ROOT_CLASS = YES_ERROR;
				CLANG_WARN_RANGE_LOOP_ANALYSIS = YES;
				CLANG_WARN_STRICT_PROTOTYPES = YES;
				CLANG_WARN_SUSPICIOUS_MOVE = YES;
				CLANG_WARN_UNREACHABLE_CODE = YES;
				CLANG_WARN__DUPLICATE_METHOD_MATCH = YES;
				"CODE_SIGN_IDENTITY[sdk=iphoneos*]" = "iPhone Developer";
				COPY_PHASE_STRIP = NO;
				CURRENT_PROJECT_VERSION = 1;
				DEBUG_INFORMATION_FORMAT = dwarf;
				ENABLE_STRICT_OBJC_MSGSEND = YES;
				ENABLE_TESTABILITY = YES;
				GCC_C_LANGUAGE_STANDARD = gnu99;
				GCC_DYNAMIC_NO_PIC = NO;
				GCC_NO_COMMON_BLOCKS = YES;
				GCC_OPTIMIZATION_LEVEL = 0;
				GCC_PREPROCESSOR_DEFINITIONS = (
					"DEBUG=1",
					"$(inherited)",
				);
				GCC_WARN_64_TO_32_BIT_CONVERSION = YES;
				GCC_WARN_ABOUT_RETURN_TYPE = YES_ERROR;
				GCC_WARN_UNDECLARED_SELECTOR = YES;
				GCC_WARN_UNINITIALIZED_AUTOS = YES_AGGRESSIVE;
				GCC_WARN_UNUSED_FUNCTION = YES;
				GCC_WARN_UNUSED_VARIABLE = YES;
				IPHONEOS_DEPLOYMENT_TARGET = 9.3;
				MTL_ENABLE_DEBUG_INFO = YES;
				ONLY_ACTIVE_ARCH = YES;
				SDKROOT = iphoneos;
				SWIFT_OPTIMIZATION_LEVEL = "-Onone";
				TARGETED_DEVICE_FAMILY = "1,2";
				VERSIONING_SYSTEM = "apple-generic";
				VERSION_INFO_PREFIX = "";
			};
			name = Debug;
		};
		A28A52871CBC3C3A006891A3 /* Release */ = {
			isa = XCBuildConfiguration;
			buildSettings = {
				ALWAYS_SEARCH_USER_PATHS = NO;
				CLANG_ANALYZER_NONNULL = YES;
				CLANG_CXX_LANGUAGE_STANDARD = "gnu++0x";
				CLANG_CXX_LIBRARY = "libc++";
				CLANG_ENABLE_MODULES = YES;
				CLANG_ENABLE_OBJC_ARC = YES;
				CLANG_WARN_BLOCK_CAPTURE_AUTORELEASING = YES;
				CLANG_WARN_BOOL_CONVERSION = YES;
				CLANG_WARN_COMMA = YES;
				CLANG_WARN_CONSTANT_CONVERSION = YES;
				CLANG_WARN_DEPRECATED_OBJC_IMPLEMENTATIONS = YES;
				CLANG_WARN_DIRECT_OBJC_ISA_USAGE = YES_ERROR;
				CLANG_WARN_EMPTY_BODY = YES;
				CLANG_WARN_ENUM_CONVERSION = YES;
				CLANG_WARN_INFINITE_RECURSION = YES;
				CLANG_WARN_INT_CONVERSION = YES;
				CLANG_WARN_NON_LITERAL_NULL_CONVERSION = YES;
				CLANG_WARN_OBJC_IMPLICIT_RETAIN_SELF = YES;
				CLANG_WARN_OBJC_LITERAL_CONVERSION = YES;
				CLANG_WARN_OBJC_ROOT_CLASS = YES_ERROR;
				CLANG_WARN_RANGE_LOOP_ANALYSIS = YES;
				CLANG_WARN_STRICT_PROTOTYPES = YES;
				CLANG_WARN_SUSPICIOUS_MOVE = YES;
				CLANG_WARN_UNREACHABLE_CODE = YES;
				CLANG_WARN__DUPLICATE_METHOD_MATCH = YES;
				"CODE_SIGN_IDENTITY[sdk=iphoneos*]" = "iPhone Developer";
				COPY_PHASE_STRIP = NO;
				CURRENT_PROJECT_VERSION = 1;
				DEBUG_INFORMATION_FORMAT = "dwarf-with-dsym";
				ENABLE_NS_ASSERTIONS = NO;
				ENABLE_STRICT_OBJC_MSGSEND = YES;
				GCC_C_LANGUAGE_STANDARD = gnu99;
				GCC_NO_COMMON_BLOCKS = YES;
				GCC_WARN_64_TO_32_BIT_CONVERSION = YES;
				GCC_WARN_ABOUT_RETURN_TYPE = YES_ERROR;
				GCC_WARN_UNDECLARED_SELECTOR = YES;
				GCC_WARN_UNINITIALIZED_AUTOS = YES_AGGRESSIVE;
				GCC_WARN_UNUSED_FUNCTION = YES;
				GCC_WARN_UNUSED_VARIABLE = YES;
				IPHONEOS_DEPLOYMENT_TARGET = 9.3;
				MTL_ENABLE_DEBUG_INFO = NO;
				SDKROOT = iphoneos;
				SWIFT_COMPILATION_MODE = wholemodule;
				TARGETED_DEVICE_FAMILY = "1,2";
				VALIDATE_PRODUCT = YES;
				VERSIONING_SYSTEM = "apple-generic";
				VERSION_INFO_PREFIX = "";
			};
			name = Release;
		};
		A28A52891CBC3C3A006891A3 /* Debug */ = {
			isa = XCBuildConfiguration;
			baseConfigurationReference = 7EBE429B98119DA5BBBD5FE8 /* Pods-SwiftCollection.debug.xcconfig */;
			buildSettings = {
				CLANG_ENABLE_MODULES = YES;
				CODE_SIGN_IDENTITY = "";
				DEFINES_MODULE = YES;
				DYLIB_COMPATIBILITY_VERSION = 1;
				DYLIB_CURRENT_VERSION = 1;
				DYLIB_INSTALL_NAME_BASE = "@rpath";
				INFOPLIST_FILE = SwiftCollection/Info.plist;
				INSTALL_PATH = "$(LOCAL_LIBRARY_DIR)/Frameworks";
				IPHONEOS_DEPLOYMENT_TARGET = 8.0;
				LD_RUNPATH_SEARCH_PATHS = "$(inherited) @executable_path/Frameworks @loader_path/Frameworks";
				PRODUCT_BUNDLE_IDENTIFIER = com.bradhilton.SwiftCollection;
				PRODUCT_NAME = "$(TARGET_NAME)";
				SKIP_INSTALL = YES;
				SWIFT_OPTIMIZATION_LEVEL = "-Onone";
				SWIFT_VERSION = 4.2;
			};
			name = Debug;
		};
		A28A528A1CBC3C3A006891A3 /* Release */ = {
			isa = XCBuildConfiguration;
			baseConfigurationReference = D8F96EEB8DC1A420508585F0 /* Pods-SwiftCollection.release.xcconfig */;
			buildSettings = {
				CLANG_ENABLE_MODULES = YES;
				CODE_SIGN_IDENTITY = "";
				DEFINES_MODULE = YES;
				DYLIB_COMPATIBILITY_VERSION = 1;
				DYLIB_CURRENT_VERSION = 1;
				DYLIB_INSTALL_NAME_BASE = "@rpath";
				INFOPLIST_FILE = SwiftCollection/Info.plist;
				INSTALL_PATH = "$(LOCAL_LIBRARY_DIR)/Frameworks";
				IPHONEOS_DEPLOYMENT_TARGET = 8.0;
				LD_RUNPATH_SEARCH_PATHS = "$(inherited) @executable_path/Frameworks @loader_path/Frameworks";
				PRODUCT_BUNDLE_IDENTIFIER = com.bradhilton.SwiftCollection;
				PRODUCT_NAME = "$(TARGET_NAME)";
				SKIP_INSTALL = YES;
				SWIFT_VERSION = 4.2;
			};
			name = Release;
		};
/* End XCBuildConfiguration section */

/* Begin XCConfigurationList section */
		A28A526E1CBC3C3A006891A3 /* Build configuration list for PBXProject "SwiftCollection" */ = {
			isa = XCConfigurationList;
			buildConfigurations = (
				A28A52861CBC3C3A006891A3 /* Debug */,
				A28A52871CBC3C3A006891A3 /* Release */,
			);
			defaultConfigurationIsVisible = 0;
			defaultConfigurationName = Release;
		};
		A28A52881CBC3C3A006891A3 /* Build configuration list for PBXNativeTarget "SwiftCollection" */ = {
			isa = XCConfigurationList;
			buildConfigurations = (
				A28A52891CBC3C3A006891A3 /* Debug */,
				A28A528A1CBC3C3A006891A3 /* Release */,
			);
			defaultConfigurationIsVisible = 0;
			defaultConfigurationName = Release;
		};
/* End XCConfigurationList section */
	};
	rootObject = A28A526B1CBC3C3A006891A3 /* Project object */;
}
